// !$*UTF8*$!
{
	archiveVersion = 1;
	classes = {
	};
	objectVersion = 77;
	objects = {

/* Begin PBXContainerItemProxy section */
		3F1119562D71FFA000DF01DC /* PBXContainerItemProxy */ = {
			isa = PBXContainerItemProxy;
			containerPortal = 3F1119342D71FF9E00DF01DC /* Project object */;
			proxyType = 1;
			remoteGlobalIDString = 3F11193B2D71FF9E00DF01DC;
			remoteInfo = PruebaTest2;
		};
		3F1119602D71FFA000DF01DC /* PBXContainerItemProxy */ = {
			isa = PBXContainerItemProxy;
			containerPortal = 3F1119342D71FF9E00DF01DC /* Project object */;
			proxyType = 1;
			remoteGlobalIDString = 3F11193B2D71FF9E00DF01DC;
			remoteInfo = PruebaTest2;
		};
/* End PBXContainerItemProxy section */

/* Begin PBXFileReference section */
		3F11193C2D71FF9E00DF01DC /* PruebaTest2.app */ = {isa = PBXFileReference; explicitFileType = wrapper.application; includeInIndex = 0; path = PruebaTest2.app; sourceTree = BUILT_PRODUCTS_DIR; };
		3F1119552D71FFA000DF01DC /* PruebaTest2Tests.xctest */ = {isa = PBXFileReference; explicitFileType = wrapper.cfbundle; includeInIndex = 0; path = PruebaTest2Tests.xctest; sourceTree = BUILT_PRODUCTS_DIR; };
		3F11195F2D71FFA000DF01DC /* PruebaTest2UITests.xctest */ = {isa = PBXFileReference; explicitFileType = wrapper.cfbundle; includeInIndex = 0; path = PruebaTest2UITests.xctest; sourceTree = BUILT_PRODUCTS_DIR; };
/* End PBXFileReference section */

/* Begin PBXFileSystemSynchronizedBuildFileExceptionSet section */
		3F1119672D71FFA000DF01DC /* Exceptions for "PruebaTest2" folder in "PruebaTest2" target */ = {
			isa = PBXFileSystemSynchronizedBuildFileExceptionSet;
			membershipExceptions = (
				Info.plist,
			);
			target = 3F11193B2D71FF9E00DF01DC /* PruebaTest2 */;
		};
/* End PBXFileSystemSynchronizedBuildFileExceptionSet section */

/* Begin PBXFileSystemSynchronizedRootGroup section */
		3F11193E2D71FF9E00DF01DC /* PruebaTest2 */ = {
			isa = PBXFileSystemSynchronizedRootGroup;
			exceptions = (
				3F1119672D71FFA000DF01DC /* Exceptions for "PruebaTest2" folder in "PruebaTest2" target */,
			);
			path = PruebaTest2;
			sourceTree = "<group>";
		};
		3F1119582D71FFA000DF01DC /* PruebaTest2Tests */ = {
			isa = PBXFileSystemSynchronizedRootGroup;
			path = PruebaTest2Tests;
			sourceTree = "<group>";
		};
		3F1119622D71FFA000DF01DC /* PruebaTest2UITests */ = {
			isa = PBXFileSystemSynchronizedRootGroup;
			path = PruebaTest2UITests;
			sourceTree = "<group>";
		};
/* End PBXFileSystemSynchronizedRootGroup section */

/* Begin PBXFrameworksBuildPhase section */
		3F1119392D71FF9E00DF01DC /* Frameworks */ = {
			isa = PBXFrameworksBuildPhase;
			buildActionMask = 2147483647;
			files = (
			);
			runOnlyForDeploymentPostprocessing = 0;
		};
		3F1119522D71FFA000DF01DC /* Frameworks */ = {
			isa = PBXFrameworksBuildPhase;
			buildActionMask = 2147483647;
			files = (
			);
			runOnlyForDeploymentPostprocessing = 0;
		};
		3F11195C2D71FFA000DF01DC /* Frameworks */ = {
			isa = PBXFrameworksBuildPhase;
			buildActionMask = 2147483647;
			files = (
			);
			runOnlyForDeploymentPostprocessing = 0;
		};
/* End PBXFrameworksBuildPhase section */

/* Begin PBXGroup section */
		3F1119332D71FF9E00DF01DC = {
			isa = PBXGroup;
			children = (
				3F11193E2D71FF9E00DF01DC /* PruebaTest2 */,
				3F1119582D71FFA000DF01DC /* PruebaTest2Tests */,
				3F1119622D71FFA000DF01DC /* PruebaTest2UITests */,
				3F11193D2D71FF9E00DF01DC /* Products */,
			);
			sourceTree = "<group>";
		};
		3F11193D2D71FF9E00DF01DC /* Products */ = {
			isa = PBXGroup;
			children = (
				3F11193C2D71FF9E00DF01DC /* PruebaTest2.app */,
				3F1119552D71FFA000DF01DC /* PruebaTest2Tests.xctest */,
				3F11195F2D71FFA000DF01DC /* PruebaTest2UITests.xctest */,
			);
			name = Products;
			sourceTree = "<group>";
		};
/* End PBXGroup section */

/* Begin PBXNativeTarget section */
		3F11193B2D71FF9E00DF01DC /* PruebaTest2 */ = {
			isa = PBXNativeTarget;
			buildConfigurationList = 3F1119682D71FFA000DF01DC /* Build configuration list for PBXNativeTarget "PruebaTest2" */;
			buildPhases = (
				3F1119382D71FF9E00DF01DC /* Sources */,
				3F1119392D71FF9E00DF01DC /* Frameworks */,
				3F11193A2D71FF9E00DF01DC /* Resources */,
			);
			buildRules = (
			);
			dependencies = (
			);
			fileSystemSynchronizedGroups = (
				3F11193E2D71FF9E00DF01DC /* PruebaTest2 */,
			);
			name = PruebaTest2;
			packageProductDependencies = (
			);
			productName = PruebaTest2;
			productReference = 3F11193C2D71FF9E00DF01DC /* PruebaTest2.app */;
			productType = "com.apple.product-type.application";
		};
		3F1119542D71FFA000DF01DC /* PruebaTest2Tests */ = {
			isa = PBXNativeTarget;
			buildConfigurationList = 3F11196D2D71FFA000DF01DC /* Build configuration list for PBXNativeTarget "PruebaTest2Tests" */;
			buildPhases = (
				3F1119512D71FFA000DF01DC /* Sources */,
				3F1119522D71FFA000DF01DC /* Frameworks */,
				3F1119532D71FFA000DF01DC /* Resources */,
			);
			buildRules = (
			);
			dependencies = (
				3F1119572D71FFA000DF01DC /* PBXTargetDependency */,
			);
			fileSystemSynchronizedGroups = (
				3F1119582D71FFA000DF01DC /* PruebaTest2Tests */,
			);
			name = PruebaTest2Tests;
			packageProductDependencies = (
			);
			productName = PruebaTest2Tests;
			productReference = 3F1119552D71FFA000DF01DC /* PruebaTest2Tests.xctest */;
			productType = "com.apple.product-type.bundle.unit-test";
		};
		3F11195E2D71FFA000DF01DC /* PruebaTest2UITests */ = {
			isa = PBXNativeTarget;
			buildConfigurationList = 3F1119702D71FFA000DF01DC /* Build configuration list for PBXNativeTarget "PruebaTest2UITests" */;
			buildPhases = (
				3F11195B2D71FFA000DF01DC /* Sources */,
				3F11195C2D71FFA000DF01DC /* Frameworks */,
				3F11195D2D71FFA000DF01DC /* Resources */,
			);
			buildRules = (
			);
			dependencies = (
				3F1119612D71FFA000DF01DC /* PBXTargetDependency */,
			);
			fileSystemSynchronizedGroups = (
				3F1119622D71FFA000DF01DC /* PruebaTest2UITests */,
			);
			name = PruebaTest2UITests;
			packageProductDependencies = (
			);
			productName = PruebaTest2UITests;
			productReference = 3F11195F2D71FFA000DF01DC /* PruebaTest2UITests.xctest */;
			productType = "com.apple.product-type.bundle.ui-testing";
		};
/* End PBXNativeTarget section */

/* Begin PBXProject section */
		3F1119342D71FF9E00DF01DC /* Project object */ = {
			isa = PBXProject;
			attributes = {
				BuildIndependentTargetsInParallel = 1;
				LastSwiftUpdateCheck = 1620;
				LastUpgradeCheck = 1620;
				TargetAttributes = {
					3F11193B2D71FF9E00DF01DC = {
						CreatedOnToolsVersion = 16.2;
					};
					3F1119542D71FFA000DF01DC = {
						CreatedOnToolsVersion = 16.2;
						TestTargetID = 3F11193B2D71FF9E00DF01DC;
					};
					3F11195E2D71FFA000DF01DC = {
						CreatedOnToolsVersion = 16.2;
						TestTargetID = 3F11193B2D71FF9E00DF01DC;
					};
				};
			};
			buildConfigurationList = 3F1119372D71FF9E00DF01DC /* Build configuration list for PBXProject "PruebaTest2" */;
			developmentRegion = en;
			hasScannedForEncodings = 0;
			knownRegions = (
				en,
				Base,
			);
			mainGroup = 3F1119332D71FF9E00DF01DC;
			minimizedProjectReferenceProxies = 1;
			preferredProjectObjectVersion = 77;
			productRefGroup = 3F11193D2D71FF9E00DF01DC /* Products */;
			projectDirPath = "";
			projectRoot = "";
			targets = (
				3F11193B2D71FF9E00DF01DC /* PruebaTest2 */,
				3F1119542D71FFA000DF01DC /* PruebaTest2Tests */,
				3F11195E2D71FFA000DF01DC /* PruebaTest2UITests */,
			);
		};
/* End PBXProject section */

/* Begin PBXResourcesBuildPhase section */
		3F11193A2D71FF9E00DF01DC /* Resources */ = {
			isa = PBXResourcesBuildPhase;
			buildActionMask = 2147483647;
			files = (
			);
			runOnlyForDeploymentPostprocessing = 0;
		};
		3F1119532D71FFA000DF01DC /* Resources */ = {
			isa = PBXResourcesBuildPhase;
			buildActionMask = 2147483647;
			files = (
			);
			runOnlyForDeploymentPostprocessing = 0;
		};
		3F11195D2D71FFA000DF01DC /* Resources */ = {
			isa = PBXResourcesBuildPhase;
			buildActionMask = 2147483647;
			files = (
			);
			runOnlyForDeploymentPostprocessing = 0;
		};
/* End PBXResourcesBuildPhase section */

/* Begin PBXSourcesBuildPhase section */
		3F1119382D71FF9E00DF01DC /* Sources */ = {
			isa = PBXSourcesBuildPhase;
			buildActionMask = 2147483647;
			files = (
			);
			runOnlyForDeploymentPostprocessing = 0;
		};
		3F1119512D71FFA000DF01DC /* Sources */ = {
			isa = PBXSourcesBuildPhase;
			buildActionMask = 2147483647;
			files = (
			);
			runOnlyForDeploymentPostprocessing = 0;
		};
		3F11195B2D71FFA000DF01DC /* Sources */ = {
			isa = PBXSourcesBuildPhase;
			buildActionMask = 2147483647;
			files = (
			);
			runOnlyForDeploymentPostprocessing = 0;
		};
/* End PBXSourcesBuildPhase section */

/* Begin PBXTargetDependency section */
		3F1119572D71FFA000DF01DC /* PBXTargetDependency */ = {
			isa = PBXTargetDependency;
			target = 3F11193B2D71FF9E00DF01DC /* PruebaTest2 */;
			targetProxy = 3F1119562D71FFA000DF01DC /* PBXContainerItemProxy */;
		};
		3F1119612D71FFA000DF01DC /* PBXTargetDependency */ = {
			isa = PBXTargetDependency;
			target = 3F11193B2D71FF9E00DF01DC /* PruebaTest2 */;
			targetProxy = 3F1119602D71FFA000DF01DC /* PBXContainerItemProxy */;
		};
/* End PBXTargetDependency section */

/* Begin XCBuildConfiguration section */
		3F1119692D71FFA000DF01DC /* Debug */ = {
			isa = XCBuildConfiguration;
			buildSettings = {
				ASSETCATALOG_COMPILER_APPICON_NAME = AppIcon;
				ASSETCATALOG_COMPILER_GLOBAL_ACCENT_COLOR_NAME = AccentColor;
				CODE_SIGN_STYLE = Automatic;
				CURRENT_PROJECT_VERSION = 1;
				DEVELOPMENT_TEAM = DWGTX7683N;
				GENERATE_INFOPLIST_FILE = YES;
				INFOPLIST_FILE = PruebaTest2/Info.plist;
				INFOPLIST_KEY_UIApplicationSupportsIndirectInputEvents = YES;
				INFOPLIST_KEY_UILaunchStoryboardName = LaunchScreen;
				INFOPLIST_KEY_UISupportedInterfaceOrientations_iPad = "UIInterfaceOrientationPortrait UIInterfaceOrientationPortraitUpsideDown UIInterfaceOrientationLandscapeLeft UIInterfaceOrientationLandscapeRight";
				INFOPLIST_KEY_UISupportedInterfaceOrientations_iPhone = "UIInterfaceOrientationPortrait UIInterfaceOrientationLandscapeLeft UIInterfaceOrientationLandscapeRight";
				LD_RUNPATH_SEARCH_PATHS = (
					"$(inherited)",
					"@executable_path/Frameworks",
				);
				MARKETING_VERSION = 1.0;
				PRODUCT_BUNDLE_IDENTIFIER = test.PruebaTest2;
				PRODUCT_NAME = "$(TARGET_NAME)";
				SWIFT_EMIT_LOC_STRINGS = YES;
				SWIFT_VERSION = 5.0;
				TARGETED_DEVICE_FAMILY = "1,2";
			};
			name = Debug;
		};
		3F11196A2D71FFA000DF01DC /* Release */ = {
			isa = XCBuildConfiguration;
			buildSettings = {
				ASSETCATALOG_COMPILER_APPICON_NAME = AppIcon;
				ASSETCATALOG_COMPILER_GLOBAL_ACCENT_COLOR_NAME = AccentColor;
				CODE_SIGN_STYLE = Automatic;
				CURRENT_PROJECT_VERSION = 1;
				DEVELOPMENT_TEAM = DWGTX7683N;
				GENERATE_INFOPLIST_FILE = YES;
				INFOPLIST_FILE = PruebaTest2/Info.plist;
				INFOPLIST_KEY_UIApplicationSupportsIndirectInputEvents = YES;
				INFOPLIST_KEY_UILaunchStoryboardName = LaunchScreen;
				INFOPLIST_KEY_UISupportedInterfaceOrientations_iPad = "UIInterfaceOrientationPortrait UIInterfaceOrientationPortraitUpsideDown UIInterfaceOrientationLandscapeLeft UIInterfaceOrientationLandscapeRight";
				INFOPLIST_KEY_UISupportedInterfaceOrientations_iPhone = "UIInterfaceOrientationPortrait UIInterfaceOrientationLandscapeLeft UIInterfaceOrientationLandscapeRight";
				LD_RUNPATH_SEARCH_PATHS = (
					"$(inherited)",
					"@executable_path/Frameworks",
				);
				MARKETING_VERSION = 1.0;
				PRODUCT_BUNDLE_IDENTIFIER = test.PruebaTest2;
				PRODUCT_NAME = "$(TARGET_NAME)";
				SWIFT_EMIT_LOC_STRINGS = YES;
				SWIFT_VERSION = 5.0;
				TARGETED_DEVICE_FAMILY = "1,2";
			};
			name = Release;
		};
		3F11196B2D71FFA000DF01DC /* Debug */ = {
			isa = XCBuildConfiguration;
			buildSettings = {
				ALWAYS_SEARCH_USER_PATHS = NO;
				ASSETCATALOG_COMPILER_GENERATE_SWIFT_ASSET_SYMBOL_EXTENSIONS = YES;
				CLANG_ANALYZER_NONNULL = YES;
				CLANG_ANALYZER_NUMBER_OBJECT_CONVERSION = YES_AGGRESSIVE;
				CLANG_CXX_LANGUAGE_STANDARD = "gnu++20";
				CLANG_ENABLE_MODULES = YES;
				CLANG_ENABLE_OBJC_ARC = YES;
				CLANG_ENABLE_OBJC_WEAK = YES;
				CLANG_WARN_BLOCK_CAPTURE_AUTORELEASING = YES;
				CLANG_WARN_BOOL_CONVERSION = YES;
				CLANG_WARN_COMMA = YES;
				CLANG_WARN_CONSTANT_CONVERSION = YES;
				CLANG_WARN_DEPRECATED_OBJC_IMPLEMENTATIONS = YES;
				CLANG_WARN_DIRECT_OBJC_ISA_USAGE = YES_ERROR;
				CLANG_WARN_DOCUMENTATION_COMMENTS = YES;
				CLANG_WARN_EMPTY_BODY = YES;
				CLANG_WARN_ENUM_CONVERSION = YES;
				CLANG_WARN_INFINITE_RECURSION = YES;
				CLANG_WARN_INT_CONVERSION = YES;
				CLANG_WARN_NON_LITERAL_NULL_CONVERSION = YES;
				CLANG_WARN_OBJC_IMPLICIT_RETAIN_SELF = YES;
				CLANG_WARN_OBJC_LITERAL_CONVERSION = YES;
				CLANG_WARN_OBJC_ROOT_CLASS = YES_ERROR;
				CLANG_WARN_QUOTED_INCLUDE_IN_FRAMEWORK_HEADER = YES;
				CLANG_WARN_RANGE_LOOP_ANALYSIS = YES;
				CLANG_WARN_STRICT_PROTOTYPES = YES;
				CLANG_WARN_SUSPICIOUS_MOVE = YES;
				CLANG_WARN_UNGUARDED_AVAILABILITY = YES_AGGRESSIVE;
				CLANG_WARN_UNREACHABLE_CODE = YES;
				CLANG_WARN__DUPLICATE_METHOD_MATCH = YES;
				COPY_PHASE_STRIP = NO;
				DEBUG_INFORMATION_FORMAT = dwarf;
				ENABLE_STRICT_OBJC_MSGSEND = YES;
				ENABLE_TESTABILITY = YES;
				ENABLE_USER_SCRIPT_SANDBOXING = YES;
				GCC_C_LANGUAGE_STANDARD = gnu17;
				GCC_DYNAMIC_NO_PIC = NO;
				GCC_NO_COMMON_BLOCKS = YES;
				GCC_OPTIMIZATION_LEVEL = 0;
				GCC_PREPROCESSOR_DEFINITIONS = (
					"DEBUG=1",
					"$(inherited)",
				);
				GCC_WARN_64_TO_32_BIT_CONVERSION = YES;
				GCC_WARN_ABOUT_RETURN_TYPE = YES_ERROR;
				GCC_WARN_UNDECLARED_SELECTOR = YES;
				GCC_WARN_UNINITIALIZED_AUTOS = YES_AGGRESSIVE;
				GCC_WARN_UNUSED_FUNCTION = YES;
				GCC_WARN_UNUSED_VARIABLE = YES;
				IPHONEOS_DEPLOYMENT_TARGET = 18.2;
				LOCALIZATION_PREFERS_STRING_CATALOGS = YES;
				MTL_ENABLE_DEBUG_INFO = INCLUDE_SOURCE;
				MTL_FAST_MATH = YES;
				ONLY_ACTIVE_ARCH = YES;
				SDKROOT = iphoneos;
				SWIFT_ACTIVE_COMPILATION_CONDITIONS = "DEBUG $(inherited)";
				SWIFT_OPTIMIZATION_LEVEL = "-Onone";
			};
			name = Debug;
		};
		3F11196C2D71FFA000DF01DC /* Release */ = {
			isa = XCBuildConfiguration;
			buildSettings = {
				ALWAYS_SEARCH_USER_PATHS = NO;
				ASSETCATALOG_COMPILER_GENERATE_SWIFT_ASSET_SYMBOL_EXTENSIONS = YES;
				CLANG_ANALYZER_NONNULL = YES;
				CLANG_ANALYZER_NUMBER_OBJECT_CONVERSION = YES_AGGRESSIVE;
				CLANG_CXX_LANGUAGE_STANDARD = "gnu++20";
				CLANG_ENABLE_MODULES = YES;
				CLANG_ENABLE_OBJC_ARC = YES;
				CLANG_ENABLE_OBJC_WEAK = YES;
				CLANG_WARN_BLOCK_CAPTURE_AUTORELEASING = YES;
				CLANG_WARN_BOOL_CONVERSION = YES;
				CLANG_WARN_COMMA = YES;
				CLANG_WARN_CONSTANT_CONVERSION = YES;
				CLANG_WARN_DEPRECATED_OBJC_IMPLEMENTATIONS = YES;
				CLANG_WARN_DIRECT_OBJC_ISA_USAGE = YES_ERROR;
				CLANG_WARN_DOCUMENTATION_COMMENTS = YES;
				CLANG_WARN_EMPTY_BODY = YES;
				CLANG_WARN_ENUM_CONVERSION = YES;
				CLANG_WARN_INFINITE_RECURSION = YES;
				CLANG_WARN_INT_CONVERSION = YES;
				CLANG_WARN_NON_LITERAL_NULL_CONVERSION = YES;
				CLANG_WARN_OBJC_IMPLICIT_RETAIN_SELF = YES;
				CLANG_WARN_OBJC_LITERAL_CONVERSION = YES;
				CLANG_WARN_OBJC_ROOT_CLASS = YES_ERROR;
				CLANG_WARN_QUOTED_INCLUDE_IN_FRAMEWORK_HEADER = YES;
				CLANG_WARN_RANGE_LOOP_ANALYSIS = YES;
				CLANG_WARN_STRICT_PROTOTYPES = YES;
				CLANG_WARN_SUSPICIOUS_MOVE = YES;
				CLANG_WARN_UNGUARDED_AVAILABILITY = YES_AGGRESSIVE;
				CLANG_WARN_UNREACHABLE_CODE = YES;
				CLANG_WARN__DUPLICATE_METHOD_MATCH = YES;
				COPY_PHASE_STRIP = NO;
				DEBUG_INFORMATION_FORMAT = "dwarf-with-dsym";
				ENABLE_NS_ASSERTIONS = NO;
				ENABLE_STRICT_OBJC_MSGSEND = YES;
				ENABLE_USER_SCRIPT_SANDBOXING = YES;
				GCC_C_LANGUAGE_STANDARD = gnu17;
				GCC_NO_COMMON_BLOCKS = YES;
				GCC_WARN_64_TO_32_BIT_CONVERSION = YES;
				GCC_WARN_ABOUT_RETURN_TYPE = YES_ERROR;
				GCC_WARN_UNDECLARED_SELECTOR = YES;
				GCC_WARN_UNINITIALIZED_AUTOS = YES_AGGRESSIVE;
				GCC_WARN_UNUSED_FUNCTION = YES;
				GCC_WARN_UNUSED_VARIABLE = YES;
				IPHONEOS_DEPLOYMENT_TARGET = 18.2;
				LOCALIZATION_PREFERS_STRING_CATALOGS = YES;
				MTL_ENABLE_DEBUG_INFO = NO;
				MTL_FAST_MATH = YES;
				SDKROOT = iphoneos;
				SWIFT_COMPILATION_MODE = wholemodule;
				VALIDATE_PRODUCT = YES;
			};
			name = Release;
		};
		3F11196E2D71FFA000DF01DC /* Debug */ = {
			isa = XCBuildConfiguration;
			buildSettings = {
				BUNDLE_LOADER = "$(TEST_HOST)";
				CODE_SIGN_STYLE = Automatic;
				CURRENT_PROJECT_VERSION = 1;
				DEVELOPMENT_TEAM = DWGTX7683N;
				GENERATE_INFOPLIST_FILE = YES;
				IPHONEOS_DEPLOYMENT_TARGET = 18.2;
				MARKETING_VERSION = 1.0;
				PRODUCT_BUNDLE_IDENTIFIER = test.PruebaTest2Tests;
				PRODUCT_NAME = "$(TARGET_NAME)";
				SWIFT_EMIT_LOC_STRINGS = NO;
				SWIFT_VERSION = 5.0;
				TARGETED_DEVICE_FAMILY = "1,2";
				TEST_HOST = "$(BUILT_PRODUCTS_DIR)/PruebaTest2.app/$(BUNDLE_EXECUTABLE_FOLDER_PATH)/PruebaTest2";
			};
			name = Debug;
		};
		3F11196F2D71FFA000DF01DC /* Release */ = {
			isa = XCBuildConfiguration;
			buildSettings = {
				BUNDLE_LOADER = "$(TEST_HOST)";
				CODE_SIGN_STYLE = Automatic;
				CURRENT_PROJECT_VERSION = 1;
				DEVELOPMENT_TEAM = DWGTX7683N;
				GENERATE_INFOPLIST_FILE = YES;
				IPHONEOS_DEPLOYMENT_TARGET = 18.2;
				MARKETING_VERSION = 1.0;
				PRODUCT_BUNDLE_IDENTIFIER = test.PruebaTest2Tests;
				PRODUCT_NAME = "$(TARGET_NAME)";
				SWIFT_EMIT_LOC_STRINGS = NO;
				SWIFT_VERSION = 5.0;
				TARGETED_DEVICE_FAMILY = "1,2";
				TEST_HOST = "$(BUILT_PRODUCTS_DIR)/PruebaTest2.app/$(BUNDLE_EXECUTABLE_FOLDER_PATH)/PruebaTest2";
			};
			name = Release;
		};
		3F1119712D71FFA000DF01DC /* Debug */ = {
			isa = XCBuildConfiguration;
			buildSettings = {
				CODE_SIGN_STYLE = Automatic;
				CURRENT_PROJECT_VERSION = 1;
				DEVELOPMENT_TEAM = DWGTX7683N;
				GENERATE_INFOPLIST_FILE = YES;
				MARKETING_VERSION = 1.0;
				PRODUCT_BUNDLE_IDENTIFIER = test.PruebaTest2UITests;
				PRODUCT_NAME = "$(TARGET_NAME)";
				SWIFT_EMIT_LOC_STRINGS = NO;
				SWIFT_VERSION = 5.0;
				TARGETED_DEVICE_FAMILY = "1,2";
				TEST_TARGET_NAME = PruebaTest2;
			};
			name = Debug;
		};
		3F1119722D71FFA000DF01DC /* Release */ = {
			isa = XCBuildConfiguration;
			buildSettings = {
				CODE_SIGN_STYLE = Automatic;
				CURRENT_PROJECT_VERSION = 1;
				DEVELOPMENT_TEAM = DWGTX7683N;
				GENERATE_INFOPLIST_FILE = YES;
				MARKETING_VERSION = 1.0;
				PRODUCT_BUNDLE_IDENTIFIER = test.PruebaTest2UITests;
				PRODUCT_NAME = "$(TARGET_NAME)";
				SWIFT_EMIT_LOC_STRINGS = NO;
				SWIFT_VERSION = 5.0;
				TARGETED_DEVICE_FAMILY = "1,2";
				TEST_TARGET_NAME = PruebaTest2;
			};
			name = Release;
		};
/* End XCBuildConfiguration section */

/* Begin XCConfigurationList section */
		3F1119372D71FF9E00DF01DC /* Build configuration list for PBXProject "PruebaTest2" */ = {
			isa = XCConfigurationList;
			buildConfigurations = (
				3F11196B2D71FFA000DF01DC /* Debug */,
				3F11196C2D71FFA000DF01DC /* Release */,
			);
			defaultConfigurationIsVisible = 0;
			defaultConfigurationName = Release;
		};
		3F1119682D71FFA000DF01DC /* Build configuration list for PBXNativeTarget "PruebaTest2" */ = {
			isa = XCConfigurationList;
			buildConfigurations = (
				3F1119692D71FFA000DF01DC /* Debug */,
				3F11196A2D71FFA000DF01DC /* Release */,
			);
			defaultConfigurationIsVisible = 0;
			defaultConfigurationName = Release;
		};
		3F11196D2D71FFA000DF01DC /* Build configuration list for PBXNativeTarget "PruebaTest2Tests" */ = {
			isa = XCConfigurationList;
			buildConfigurations = (
				3F11196E2D71FFA000DF01DC /* Debug */,
				3F11196F2D71FFA000DF01DC /* Release */,
			);
			defaultConfigurationIsVisible = 0;
			defaultConfigurationName = Release;
		};
		3F1119702D71FFA000DF01DC /* Build configuration list for PBXNativeTarget "PruebaTest2UITests" */ = {
			isa = XCConfigurationList;
			buildConfigurations = (
				3F1119712D71FFA000DF01DC /* Debug */,
				3F1119722D71FFA000DF01DC /* Release */,
			);
			defaultConfigurationIsVisible = 0;
			defaultConfigurationName = Release;
		};
/* End XCConfigurationList section */
	};
	rootObject = 3F1119342D71FF9E00DF01DC /* Project object */;
}
